
Microsoft Visual Studio Solution File, Format Version 12.00
# Visual Studio 14
VisualStudioVersion = 14.0.25420.1
MinimumVisualStudioVersion = 10.0.40219.1
Project("{8BC9CEB8-8B4A-11D0-8D11-00A0C91BC942}") = "001_CMyString", "001_CMyString\001_CMyString.vcxproj", "{F213104D-7EC1-480C-8E54-1F73AC92EF2A}"
EndProject
Project("{8BC9CEB8-8B4A-11D0-8D11-00A0C91BC942}") = "002_Singleton", "002_Singleton\002_Singleton.vcxproj", "{46CF05FB-6DF7-4A0B-AFD0-CA19A2727810}"
EndProject
Project("{8BC9CEB8-8B4A-11D0-8D11-00A0C91BC942}") = "003_FindRepeatNum", "003_FindRepeatNum\003_FindRepeatNum.vcxproj", "{CD4C3313-38AF-45C7-957E-B9B5A4B231AD}"
EndProject
Project("{8BC9CEB8-8B4A-11D0-8D11-00A0C91BC942}") = "004_FindIn2DArray", "004_FindIn2DArray\004_FindIn2DArray.vcxproj", "{627B677C-E6EC-4475-ADE1-89BACB98F3A8}"
EndProject
Project("{8BC9CEB8-8B4A-11D0-8D11-00A0C91BC942}") = "005_string", "005_string\005_string.vcxproj", "{65276CEF-4D58-455A-84DA-8976E246F535}"
EndProject
Project("{8BC9CEB8-8B4A-11D0-8D11-00A0C91BC942}") = "006_List", "006_List\006_List.vcxproj", "{27E8137D-2015-463D-9C0A-5542E6C6A07E}"
EndProject
Project("{8BC9CEB8-8B4A-11D0-8D11-00A0C91BC942}") = "007_Tree", "007_Tree\007_Tree.vcxproj", "{5A751196-C1E4-4FDB-AD66-7032E5E4BF96}"
EndProject
Project("{8BC9CEB8-8B4A-11D0-8D11-00A0C91BC942}") = "008_BinTree", "008_BinTree\008_BinTree.vcxproj", "{DBCAA5A5-13B0-4A76-8462-6B8A92D07E41}"
EndProject
Project("{8BC9CEB8-8B4A-11D0-8D11-00A0C91BC942}") = "009_StackQueue", "009_StackQueue\009_StackQueue.vcxproj", "{5EC0BF4C-5150-48FD-ADA3-834AD827CE69}"
EndProject
Project("{8BC9CEB8-8B4A-11D0-8D11-00A0C91BC942}") = "010_Fibonacci", "010_Fibonacci\010_Fibonacci.vcxproj", "{1FFC1481-BD45-44A9-B243-5FFEC9CA5544}"
EndProject
Project("{8BC9CEB8-8B4A-11D0-8D11-00A0C91BC942}") = "010_QuickSort", "010_QuickSort\010_QuickSort.vcxproj", "{50B4D40D-41B0-4049-8BBF-5AFCF19BAC06}"
EndProject
Project("{8BC9CEB8-8B4A-11D0-8D11-00A0C91BC942}") = "011_RotateArrMin", "011_RotateArrMin\011_RotateArrMin.vcxproj", "{1FBD89E1-37B7-4F84-A0DE-4935427DEA2A}"
EndProject
Project("{8BC9CEB8-8B4A-11D0-8D11-00A0C91BC942}") = "012_PathInMatrix", "012_PathInMatrix\012_PathInMatrix.vcxproj", "{C2022E88-5A0C-4486-8D57-313B855EDA05}"
EndProject
Project("{8BC9CEB8-8B4A-11D0-8D11-00A0C91BC942}") = "013_RobotMotionArea", "013_RobotMotionArea\013_RobotMotionArea.vcxproj", "{6BAE3DBF-5B81-4AF6-85D6-2509B0E030EE}"
EndProject
Project("{8BC9CEB8-8B4A-11D0-8D11-00A0C91BC942}") = "014_DP", "014_DP\014_DP.vcxproj", "{2E1C60B6-F549-4E0D-97D4-D1741D228E17}"
EndProject
Project("{8BC9CEB8-8B4A-11D0-8D11-00A0C91BC942}") = "014_DP_LX", "014_DP_LX\014_DP_LX.vcxproj", "{4C0396EA-58B0-49A3-A557-B8F8BA13D07A}"
EndProject
Project("{8BC9CEB8-8B4A-11D0-8D11-00A0C91BC942}") = "015_BitOperation", "015_BitOperation\015_BitOperation.vcxproj", "{CC218F8B-DA63-4030-AE21-7B3CD267EF12}"
EndProject
Project("{8BC9CEB8-8B4A-11D0-8D11-00A0C91BC942}") = "016_power", "016_power\016_power.vcxproj", "{D8F374E7-9639-49BB-ABD9-DECF644369E1}"
EndProject
Project("{8BC9CEB8-8B4A-11D0-8D11-00A0C91BC942}") = "017_PrintNum", "017_PrintNum\017_PrintNum.vcxproj", "{707D15EA-A6FD-4779-9B99-8D8A8E20F8E2}"
EndProject
Project("{8BC9CEB8-8B4A-11D0-8D11-00A0C91BC942}") = "018_DeleteListNode", "018_DeleteListNode\018_DeleteListNode.vcxproj", "{06C0401F-8140-48CD-BE03-C031C9E79431}"
EndProject
Project("{8BC9CEB8-8B4A-11D0-8D11-00A0C91BC942}") = "019_StringMatch", "019_StringMatch\019_StringMatch.vcxproj", "{326CD1E1-9138-4814-B165-637F383C265B}"
EndProject
Project("{8BC9CEB8-8B4A-11D0-8D11-00A0C91BC942}") = "020_StringValue", "020_StringValue\020_StringValue.vcxproj", "{5988616C-1954-4B24-9515-EB091DFC7865}"
EndProject
Project("{8BC9CEB8-8B4A-11D0-8D11-00A0C91BC942}") = "021_ParityOrder", "021_ParityOrder\021_ParityOrder.vcxproj", "{3515F13E-FA15-4996-BAE5-719F4D332D21}"
EndProject
Project("{8BC9CEB8-8B4A-11D0-8D11-00A0C91BC942}") = "022_LastKList", "022_LastKList\022_LastKList.vcxproj", "{4111E785-2E51-4624-908B-488E56F0EA08}"
EndProject
Project("{8BC9CEB8-8B4A-11D0-8D11-00A0C91BC942}") = "023_EntryOfCircleList", "023_EntryOfCircleList\023_EntryOfCircleList.vcxproj", "{18258C70-B576-4B1C-AD23-561750208098}"
EndProject
Project("{8BC9CEB8-8B4A-11D0-8D11-00A0C91BC942}") = "024_ReverseList", "024_ReverseList\024_ReverseList.vcxproj", "{2E5B7F11-FE75-4FC0-9579-AB0AB2E8C9C0}"
EndProject
Project("{8BC9CEB8-8B4A-11D0-8D11-00A0C91BC942}") = "025_MergeList", "025_MergeList\025_MergeList.vcxproj", "{60F64701-1A2A-4059-BB1E-50E70507E614}"
EndProject
Project("{8BC9CEB8-8B4A-11D0-8D11-00A0C91BC942}") = "026_SubTree", "026_SubTree\026_SubTree.vcxproj", "{76726E10-0E0A-4C35-91B6-22CEA23CE7BB}"
EndProject
Project("{8BC9CEB8-8B4A-11D0-8D11-00A0C91BC942}") = "027_MirrorBinTree", "027_MirrorBinTree\027_MirrorBinTree.vcxproj", "{46F3C33F-C0A3-4EE7-A7CC-A56F4BDA54C4}"
EndProject
Project("{8BC9CEB8-8B4A-11D0-8D11-00A0C91BC942}") = "029_PrintMatrixClockwisely", "029_PrintMatrixClockwisely\029_PrintMatrixClockwisely.vcxproj", "{DB2FF350-156B-4F81-AB4F-2586EED92D54}"
EndProject
Project("{8BC9CEB8-8B4A-11D0-8D11-00A0C91BC942}") = "030_StackWithMin", "030_StackWithMin\030_StackWithMin.vcxproj", "{452DD0B2-B596-4226-95F6-953D6E4BDAFA}"
EndProject
Project("{8BC9CEB8-8B4A-11D0-8D11-00A0C91BC942}") = "031_IsPopOrder", "031_IsPopOrder\031_IsPopOrder.vcxproj", "{09C7AC97-22A2-492F-85F7-C0A717DFF5FE}"
EndProject
Project("{8BC9CEB8-8B4A-11D0-8D11-00A0C91BC942}") = "032_bfsPrintBinTree", "032_bfsPrintBinTree\032_bfsPrintBinTree.vcxproj", "{E1A17645-D4FB-491E-A9D3-091CA25C80A2}"
EndProject
Project("{8BC9CEB8-8B4A-11D0-8D11-00A0C91BC942}") = "033_BinTreePath", "033_BinTreePath\033_BinTreePath.vcxproj", "{B4EE498E-5D48-43E1-8302-C242572C4236}"
EndProject
Project("{8BC9CEB8-8B4A-11D0-8D11-00A0C91BC942}") = "034_IsBinSearchTree", "034_IsBinSearchTree\034_IsBinSearchTree.vcxproj", "{94FEE1D3-ABA7-4062-961B-3787E60D3FFC}"
EndProject
Project("{8BC9CEB8-8B4A-11D0-8D11-00A0C91BC942}") = "035_CopyComplexList", "035_CopyComplexList\035_CopyComplexList.vcxproj", "{F3554589-6D92-4746-8077-9D06A592ED20}"
EndProject
Project("{8BC9CEB8-8B4A-11D0-8D11-00A0C91BC942}") = "036_BinTreeAndDoublyList", "036_BinTreeAndDoublyList\036_BinTreeAndDoublyList.vcxproj", "{AB861419-3B71-4C5E-937B-B8EED19D1155}"
EndProject
Project("{8BC9CEB8-8B4A-11D0-8D11-00A0C91BC942}") = "038_Permutation", "038_Permutation\038_Permutation.vcxproj", "{01019FD3-3C53-422D-9A7F-8B5AAC6BABE3}"
EndProject
Project("{8BC9CEB8-8B4A-11D0-8D11-00A0C91BC942}") = "039_FindNum", "039_FindNum\039_FindNum.vcxproj", "{C29B9A49-8F5D-45DF-968A-81FF2309A155}"
EndProject
Project("{8BC9CEB8-8B4A-11D0-8D11-00A0C91BC942}") = "040_MinKNum", "040_MinKNum\040_MinKNum.vcxproj", "{DAF5BA55-F523-4EAD-B07C-2387DB08F547}"
EndProject
Project("{8BC9CEB8-8B4A-11D0-8D11-00A0C91BC942}") = "041_FindMidNum", "041_FindMidNum\041_FindMidNum.vcxproj", "{0A95FB32-BB70-483A-A2E8-BBE540453183}"
EndProject
Project("{8BC9CEB8-8B4A-11D0-8D11-00A0C91BC942}") = "042_ContinueSonArrMaxSum", "042_ContinueSonArrMaxSum\042_ContinueSonArrMaxSum.vcxproj", "{5F440BE6-1A84-4121-8E3A-53A8957A5146}"
EndProject
Project("{8BC9CEB8-8B4A-11D0-8D11-00A0C91BC942}") = "043_NumOf1", "043_NumOf1\043_NumOf1.vcxproj", "{E9E979AE-9C36-4571-B268-53B59B7FE480}"
EndProject
Project("{8BC9CEB8-8B4A-11D0-8D11-00A0C91BC942}") = "044_DigitAtIndex", "044_DigitAtIndex\044_DigitAtIndex.vcxproj", "{9C5FCBCD-A3E9-41A2-BB68-8645BCB0E388}"
EndProject
Project("{8BC9CEB8-8B4A-11D0-8D11-00A0C91BC942}") = "045_PrintMinNum", "045_PrintMinNum\045_PrintMinNum.vcxproj", "{1021D8F3-8F88-4326-A278-797188ED5194}"
EndProject
Project("{8BC9CEB8-8B4A-11D0-8D11-00A0C91BC942}") = "046_TranslateNum2Str", "046_TranslateNum2Str\046_TranslateNum2Str.vcxproj", "{2CA0A233-0484-438F-B1E9-B6B7AF0F9D2F}"
EndProject
Project("{8BC9CEB8-8B4A-11D0-8D11-00A0C91BC942}") = "000_Sort", "000_Sort\000_Sort.vcxproj", "{30E34363-86AC-4567-9029-163DC771946B}"
EndProject
Project("{8BC9CEB8-8B4A-11D0-8D11-00A0C91BC942}") = "047_MaxValue", "047_MaxValue\047_MaxValue.vcxproj", "{8EAFA1C2-DF69-45C6-B080-1C62AECAB8E7}"
EndProject
Project("{8BC9CEB8-8B4A-11D0-8D11-00A0C91BC942}") = "048_LongestSubstr", "048_LongestSubstr\048_LongestSubstr.vcxproj", "{6F7655C0-0932-4878-BA05-C8075413BD7F}"
EndProject
Project("{8BC9CEB8-8B4A-11D0-8D11-00A0C91BC942}") = "049_UglyNum", "049_UglyNum\049_UglyNum.vcxproj", "{01C60E1D-F299-42D9-8F16-96EC63C383F9}"
EndProject
Project("{8BC9CEB8-8B4A-11D0-8D11-00A0C91BC942}") = "050_TheFirstSingletonChar", "050_TheFirstSingletonChar\050_TheFirstSingletonChar.vcxproj", "{AC639C11-511E-4453-9E2E-600A43E7F09B}"
EndProject
Project("{8BC9CEB8-8B4A-11D0-8D11-00A0C91BC942}") = "051_InversePairs", "051_InversePairs\051_InversePairs.vcxproj", "{6DF89E7F-B1A1-4EE5-AF09-049F029B7729}"
EndProject
Project("{8BC9CEB8-8B4A-11D0-8D11-00A0C91BC942}") = "052_CommonListNode", "052_CommonListNode\052_CommonListNode.vcxproj", "{0DF94FFD-E7C8-40F9-B582-4AA02A2EA121}"
EndProject
Project("{8BC9CEB8-8B4A-11D0-8D11-00A0C91BC942}") = "053_FindInSortedArray", "053_FindInSortedArray\053_FindInSortedArray.vcxproj", "{C5E8DB34-9C18-4DCB-A54B-E8CC6E790175}"
EndProject
Global
	GlobalSection(SolutionConfigurationPlatforms) = preSolution
		Debug|x64 = Debug|x64
		Debug|x86 = Debug|x86
		Release|x64 = Release|x64
		Release|x86 = Release|x86
	EndGlobalSection
	GlobalSection(ProjectConfigurationPlatforms) = postSolution
		{F213104D-7EC1-480C-8E54-1F73AC92EF2A}.Debug|x64.ActiveCfg = Debug|x64
		{F213104D-7EC1-480C-8E54-1F73AC92EF2A}.Debug|x64.Build.0 = Debug|x64
		{F213104D-7EC1-480C-8E54-1F73AC92EF2A}.Debug|x86.ActiveCfg = Debug|Win32
		{F213104D-7EC1-480C-8E54-1F73AC92EF2A}.Debug|x86.Build.0 = Debug|Win32
		{F213104D-7EC1-480C-8E54-1F73AC92EF2A}.Release|x64.ActiveCfg = Release|x64
		{F213104D-7EC1-480C-8E54-1F73AC92EF2A}.Release|x64.Build.0 = Release|x64
		{F213104D-7EC1-480C-8E54-1F73AC92EF2A}.Release|x86.ActiveCfg = Release|Win32
		{F213104D-7EC1-480C-8E54-1F73AC92EF2A}.Release|x86.Build.0 = Release|Win32
		{46CF05FB-6DF7-4A0B-AFD0-CA19A2727810}.Debug|x64.ActiveCfg = Debug|x64
		{46CF05FB-6DF7-4A0B-AFD0-CA19A2727810}.Debug|x64.Build.0 = Debug|x64
		{46CF05FB-6DF7-4A0B-AFD0-CA19A2727810}.Debug|x86.ActiveCfg = Debug|Win32
		{46CF05FB-6DF7-4A0B-AFD0-CA19A2727810}.Debug|x86.Build.0 = Debug|Win32
		{46CF05FB-6DF7-4A0B-AFD0-CA19A2727810}.Release|x64.ActiveCfg = Release|x64
		{46CF05FB-6DF7-4A0B-AFD0-CA19A2727810}.Release|x64.Build.0 = Release|x64
		{46CF05FB-6DF7-4A0B-AFD0-CA19A2727810}.Release|x86.ActiveCfg = Release|Win32
		{46CF05FB-6DF7-4A0B-AFD0-CA19A2727810}.Release|x86.Build.0 = Release|Win32
		{CD4C3313-38AF-45C7-957E-B9B5A4B231AD}.Debug|x64.ActiveCfg = Debug|x64
		{CD4C3313-38AF-45C7-957E-B9B5A4B231AD}.Debug|x64.Build.0 = Debug|x64
		{CD4C3313-38AF-45C7-957E-B9B5A4B231AD}.Debug|x86.ActiveCfg = Debug|Win32
		{CD4C3313-38AF-45C7-957E-B9B5A4B231AD}.Debug|x86.Build.0 = Debug|Win32
		{CD4C3313-38AF-45C7-957E-B9B5A4B231AD}.Release|x64.ActiveCfg = Release|x64
		{CD4C3313-38AF-45C7-957E-B9B5A4B231AD}.Release|x64.Build.0 = Release|x64
		{CD4C3313-38AF-45C7-957E-B9B5A4B231AD}.Release|x86.ActiveCfg = Release|Win32
		{CD4C3313-38AF-45C7-957E-B9B5A4B231AD}.Release|x86.Build.0 = Release|Win32
		{627B677C-E6EC-4475-ADE1-89BACB98F3A8}.Debug|x64.ActiveCfg = Debug|x64
		{627B677C-E6EC-4475-ADE1-89BACB98F3A8}.Debug|x64.Build.0 = Debug|x64
		{627B677C-E6EC-4475-ADE1-89BACB98F3A8}.Debug|x86.ActiveCfg = Debug|Win32
		{627B677C-E6EC-4475-ADE1-89BACB98F3A8}.Debug|x86.Build.0 = Debug|Win32
		{627B677C-E6EC-4475-ADE1-89BACB98F3A8}.Release|x64.ActiveCfg = Release|x64
		{627B677C-E6EC-4475-ADE1-89BACB98F3A8}.Release|x64.Build.0 = Release|x64
		{627B677C-E6EC-4475-ADE1-89BACB98F3A8}.Release|x86.ActiveCfg = Release|Win32
		{627B677C-E6EC-4475-ADE1-89BACB98F3A8}.Release|x86.Build.0 = Release|Win32
		{65276CEF-4D58-455A-84DA-8976E246F535}.Debug|x64.ActiveCfg = Debug|x64
		{65276CEF-4D58-455A-84DA-8976E246F535}.Debug|x64.Build.0 = Debug|x64
		{65276CEF-4D58-455A-84DA-8976E246F535}.Debug|x86.ActiveCfg = Debug|Win32
		{65276CEF-4D58-455A-84DA-8976E246F535}.Debug|x86.Build.0 = Debug|Win32
		{65276CEF-4D58-455A-84DA-8976E246F535}.Release|x64.ActiveCfg = Release|x64
		{65276CEF-4D58-455A-84DA-8976E246F535}.Release|x64.Build.0 = Release|x64
		{65276CEF-4D58-455A-84DA-8976E246F535}.Release|x86.ActiveCfg = Release|Win32
		{65276CEF-4D58-455A-84DA-8976E246F535}.Release|x86.Build.0 = Release|Win32
		{27E8137D-2015-463D-9C0A-5542E6C6A07E}.Debug|x64.ActiveCfg = Debug|x64
		{27E8137D-2015-463D-9C0A-5542E6C6A07E}.Debug|x64.Build.0 = Debug|x64
		{27E8137D-2015-463D-9C0A-5542E6C6A07E}.Debug|x86.ActiveCfg = Debug|Win32
		{27E8137D-2015-463D-9C0A-5542E6C6A07E}.Debug|x86.Build.0 = Debug|Win32
		{27E8137D-2015-463D-9C0A-5542E6C6A07E}.Release|x64.ActiveCfg = Release|x64
		{27E8137D-2015-463D-9C0A-5542E6C6A07E}.Release|x64.Build.0 = Release|x64
		{27E8137D-2015-463D-9C0A-5542E6C6A07E}.Release|x86.ActiveCfg = Release|Win32
		{27E8137D-2015-463D-9C0A-5542E6C6A07E}.Release|x86.Build.0 = Release|Win32
		{5A751196-C1E4-4FDB-AD66-7032E5E4BF96}.Debug|x64.ActiveCfg = Debug|x64
		{5A751196-C1E4-4FDB-AD66-7032E5E4BF96}.Debug|x64.Build.0 = Debug|x64
		{5A751196-C1E4-4FDB-AD66-7032E5E4BF96}.Debug|x86.ActiveCfg = Debug|Win32
		{5A751196-C1E4-4FDB-AD66-7032E5E4BF96}.Debug|x86.Build.0 = Debug|Win32
		{5A751196-C1E4-4FDB-AD66-7032E5E4BF96}.Release|x64.ActiveCfg = Release|x64
		{5A751196-C1E4-4FDB-AD66-7032E5E4BF96}.Release|x64.Build.0 = Release|x64
		{5A751196-C1E4-4FDB-AD66-7032E5E4BF96}.Release|x86.ActiveCfg = Release|Win32
		{5A751196-C1E4-4FDB-AD66-7032E5E4BF96}.Release|x86.Build.0 = Release|Win32
		{DBCAA5A5-13B0-4A76-8462-6B8A92D07E41}.Debug|x64.ActiveCfg = Debug|x64
		{DBCAA5A5-13B0-4A76-8462-6B8A92D07E41}.Debug|x64.Build.0 = Debug|x64
		{DBCAA5A5-13B0-4A76-8462-6B8A92D07E41}.Debug|x86.ActiveCfg = Debug|Win32
		{DBCAA5A5-13B0-4A76-8462-6B8A92D07E41}.Debug|x86.Build.0 = Debug|Win32
		{DBCAA5A5-13B0-4A76-8462-6B8A92D07E41}.Release|x64.ActiveCfg = Release|x64
		{DBCAA5A5-13B0-4A76-8462-6B8A92D07E41}.Release|x64.Build.0 = Release|x64
		{DBCAA5A5-13B0-4A76-8462-6B8A92D07E41}.Release|x86.ActiveCfg = Release|Win32
		{DBCAA5A5-13B0-4A76-8462-6B8A92D07E41}.Release|x86.Build.0 = Release|Win32
		{5EC0BF4C-5150-48FD-ADA3-834AD827CE69}.Debug|x64.ActiveCfg = Debug|x64
		{5EC0BF4C-5150-48FD-ADA3-834AD827CE69}.Debug|x64.Build.0 = Debug|x64
		{5EC0BF4C-5150-48FD-ADA3-834AD827CE69}.Debug|x86.ActiveCfg = Debug|Win32
		{5EC0BF4C-5150-48FD-ADA3-834AD827CE69}.Debug|x86.Build.0 = Debug|Win32
		{5EC0BF4C-5150-48FD-ADA3-834AD827CE69}.Release|x64.ActiveCfg = Release|x64
		{5EC0BF4C-5150-48FD-ADA3-834AD827CE69}.Release|x64.Build.0 = Release|x64
		{5EC0BF4C-5150-48FD-ADA3-834AD827CE69}.Release|x86.ActiveCfg = Release|Win32
		{5EC0BF4C-5150-48FD-ADA3-834AD827CE69}.Release|x86.Build.0 = Release|Win32
		{1FFC1481-BD45-44A9-B243-5FFEC9CA5544}.Debug|x64.ActiveCfg = Debug|x64
		{1FFC1481-BD45-44A9-B243-5FFEC9CA5544}.Debug|x64.Build.0 = Debug|x64
		{1FFC1481-BD45-44A9-B243-5FFEC9CA5544}.Debug|x86.ActiveCfg = Debug|Win32
		{1FFC1481-BD45-44A9-B243-5FFEC9CA5544}.Debug|x86.Build.0 = Debug|Win32
		{1FFC1481-BD45-44A9-B243-5FFEC9CA5544}.Release|x64.ActiveCfg = Release|x64
		{1FFC1481-BD45-44A9-B243-5FFEC9CA5544}.Release|x64.Build.0 = Release|x64
		{1FFC1481-BD45-44A9-B243-5FFEC9CA5544}.Release|x86.ActiveCfg = Release|Win32
		{1FFC1481-BD45-44A9-B243-5FFEC9CA5544}.Release|x86.Build.0 = Release|Win32
		{50B4D40D-41B0-4049-8BBF-5AFCF19BAC06}.Debug|x64.ActiveCfg = Debug|x64
		{50B4D40D-41B0-4049-8BBF-5AFCF19BAC06}.Debug|x64.Build.0 = Debug|x64
		{50B4D40D-41B0-4049-8BBF-5AFCF19BAC06}.Debug|x86.ActiveCfg = Debug|Win32
		{50B4D40D-41B0-4049-8BBF-5AFCF19BAC06}.Debug|x86.Build.0 = Debug|Win32
		{50B4D40D-41B0-4049-8BBF-5AFCF19BAC06}.Release|x64.ActiveCfg = Release|x64
		{50B4D40D-41B0-4049-8BBF-5AFCF19BAC06}.Release|x64.Build.0 = Release|x64
		{50B4D40D-41B0-4049-8BBF-5AFCF19BAC06}.Release|x86.ActiveCfg = Release|Win32
		{50B4D40D-41B0-4049-8BBF-5AFCF19BAC06}.Release|x86.Build.0 = Release|Win32
		{1FBD89E1-37B7-4F84-A0DE-4935427DEA2A}.Debug|x64.ActiveCfg = Debug|x64
		{1FBD89E1-37B7-4F84-A0DE-4935427DEA2A}.Debug|x64.Build.0 = Debug|x64
		{1FBD89E1-37B7-4F84-A0DE-4935427DEA2A}.Debug|x86.ActiveCfg = Debug|Win32
		{1FBD89E1-37B7-4F84-A0DE-4935427DEA2A}.Debug|x86.Build.0 = Debug|Win32
		{1FBD89E1-37B7-4F84-A0DE-4935427DEA2A}.Release|x64.ActiveCfg = Release|x64
		{1FBD89E1-37B7-4F84-A0DE-4935427DEA2A}.Release|x64.Build.0 = Release|x64
		{1FBD89E1-37B7-4F84-A0DE-4935427DEA2A}.Release|x86.ActiveCfg = Release|Win32
		{1FBD89E1-37B7-4F84-A0DE-4935427DEA2A}.Release|x86.Build.0 = Release|Win32
		{C2022E88-5A0C-4486-8D57-313B855EDA05}.Debug|x64.ActiveCfg = Debug|x64
		{C2022E88-5A0C-4486-8D57-313B855EDA05}.Debug|x64.Build.0 = Debug|x64
		{C2022E88-5A0C-4486-8D57-313B855EDA05}.Debug|x86.ActiveCfg = Debug|Win32
		{C2022E88-5A0C-4486-8D57-313B855EDA05}.Debug|x86.Build.0 = Debug|Win32
		{C2022E88-5A0C-4486-8D57-313B855EDA05}.Release|x64.ActiveCfg = Release|x64
		{C2022E88-5A0C-4486-8D57-313B855EDA05}.Release|x64.Build.0 = Release|x64
		{C2022E88-5A0C-4486-8D57-313B855EDA05}.Release|x86.ActiveCfg = Release|Win32
		{C2022E88-5A0C-4486-8D57-313B855EDA05}.Release|x86.Build.0 = Release|Win32
		{6BAE3DBF-5B81-4AF6-85D6-2509B0E030EE}.Debug|x64.ActiveCfg = Debug|x64
		{6BAE3DBF-5B81-4AF6-85D6-2509B0E030EE}.Debug|x64.Build.0 = Debug|x64
		{6BAE3DBF-5B81-4AF6-85D6-2509B0E030EE}.Debug|x86.ActiveCfg = Debug|Win32
		{6BAE3DBF-5B81-4AF6-85D6-2509B0E030EE}.Debug|x86.Build.0 = Debug|Win32
		{6BAE3DBF-5B81-4AF6-85D6-2509B0E030EE}.Release|x64.ActiveCfg = Release|x64
		{6BAE3DBF-5B81-4AF6-85D6-2509B0E030EE}.Release|x64.Build.0 = Release|x64
		{6BAE3DBF-5B81-4AF6-85D6-2509B0E030EE}.Release|x86.ActiveCfg = Release|Win32
		{6BAE3DBF-5B81-4AF6-85D6-2509B0E030EE}.Release|x86.Build.0 = Release|Win32
		{2E1C60B6-F549-4E0D-97D4-D1741D228E17}.Debug|x64.ActiveCfg = Debug|x64
		{2E1C60B6-F549-4E0D-97D4-D1741D228E17}.Debug|x64.Build.0 = Debug|x64
		{2E1C60B6-F549-4E0D-97D4-D1741D228E17}.Debug|x86.ActiveCfg = Debug|Win32
		{2E1C60B6-F549-4E0D-97D4-D1741D228E17}.Debug|x86.Build.0 = Debug|Win32
		{2E1C60B6-F549-4E0D-97D4-D1741D228E17}.Release|x64.ActiveCfg = Release|x64
		{2E1C60B6-F549-4E0D-97D4-D1741D228E17}.Release|x64.Build.0 = Release|x64
		{2E1C60B6-F549-4E0D-97D4-D1741D228E17}.Release|x86.ActiveCfg = Release|Win32
		{2E1C60B6-F549-4E0D-97D4-D1741D228E17}.Release|x86.Build.0 = Release|Win32
		{4C0396EA-58B0-49A3-A557-B8F8BA13D07A}.Debug|x64.ActiveCfg = Debug|x64
		{4C0396EA-58B0-49A3-A557-B8F8BA13D07A}.Debug|x64.Build.0 = Debug|x64
		{4C0396EA-58B0-49A3-A557-B8F8BA13D07A}.Debug|x86.ActiveCfg = Debug|Win32
		{4C0396EA-58B0-49A3-A557-B8F8BA13D07A}.Debug|x86.Build.0 = Debug|Win32
		{4C0396EA-58B0-49A3-A557-B8F8BA13D07A}.Release|x64.ActiveCfg = Release|x64
		{4C0396EA-58B0-49A3-A557-B8F8BA13D07A}.Release|x64.Build.0 = Release|x64
		{4C0396EA-58B0-49A3-A557-B8F8BA13D07A}.Release|x86.ActiveCfg = Release|Win32
		{4C0396EA-58B0-49A3-A557-B8F8BA13D07A}.Release|x86.Build.0 = Release|Win32
		{CC218F8B-DA63-4030-AE21-7B3CD267EF12}.Debug|x64.ActiveCfg = Debug|x64
		{CC218F8B-DA63-4030-AE21-7B3CD267EF12}.Debug|x64.Build.0 = Debug|x64
		{CC218F8B-DA63-4030-AE21-7B3CD267EF12}.Debug|x86.ActiveCfg = Debug|Win32
		{CC218F8B-DA63-4030-AE21-7B3CD267EF12}.Debug|x86.Build.0 = Debug|Win32
		{CC218F8B-DA63-4030-AE21-7B3CD267EF12}.Release|x64.ActiveCfg = Release|x64
		{CC218F8B-DA63-4030-AE21-7B3CD267EF12}.Release|x64.Build.0 = Release|x64
		{CC218F8B-DA63-4030-AE21-7B3CD267EF12}.Release|x86.ActiveCfg = Release|Win32
		{CC218F8B-DA63-4030-AE21-7B3CD267EF12}.Release|x86.Build.0 = Release|Win32
		{D8F374E7-9639-49BB-ABD9-DECF644369E1}.Debug|x64.ActiveCfg = Debug|x64
		{D8F374E7-9639-49BB-ABD9-DECF644369E1}.Debug|x64.Build.0 = Debug|x64
		{D8F374E7-9639-49BB-ABD9-DECF644369E1}.Debug|x86.ActiveCfg = Debug|Win32
		{D8F374E7-9639-49BB-ABD9-DECF644369E1}.Debug|x86.Build.0 = Debug|Win32
		{D8F374E7-9639-49BB-ABD9-DECF644369E1}.Release|x64.ActiveCfg = Release|x64
		{D8F374E7-9639-49BB-ABD9-DECF644369E1}.Release|x64.Build.0 = Release|x64
		{D8F374E7-9639-49BB-ABD9-DECF644369E1}.Release|x86.ActiveCfg = Release|Win32
		{D8F374E7-9639-49BB-ABD9-DECF644369E1}.Release|x86.Build.0 = Release|Win32
		{707D15EA-A6FD-4779-9B99-8D8A8E20F8E2}.Debug|x64.ActiveCfg = Debug|x64
		{707D15EA-A6FD-4779-9B99-8D8A8E20F8E2}.Debug|x64.Build.0 = Debug|x64
		{707D15EA-A6FD-4779-9B99-8D8A8E20F8E2}.Debug|x86.ActiveCfg = Debug|Win32
		{707D15EA-A6FD-4779-9B99-8D8A8E20F8E2}.Debug|x86.Build.0 = Debug|Win32
		{707D15EA-A6FD-4779-9B99-8D8A8E20F8E2}.Release|x64.ActiveCfg = Release|x64
		{707D15EA-A6FD-4779-9B99-8D8A8E20F8E2}.Release|x64.Build.0 = Release|x64
		{707D15EA-A6FD-4779-9B99-8D8A8E20F8E2}.Release|x86.ActiveCfg = Release|Win32
		{707D15EA-A6FD-4779-9B99-8D8A8E20F8E2}.Release|x86.Build.0 = Release|Win32
		{06C0401F-8140-48CD-BE03-C031C9E79431}.Debug|x64.ActiveCfg = Debug|x64
		{06C0401F-8140-48CD-BE03-C031C9E79431}.Debug|x64.Build.0 = Debug|x64
		{06C0401F-8140-48CD-BE03-C031C9E79431}.Debug|x86.ActiveCfg = Debug|Win32
		{06C0401F-8140-48CD-BE03-C031C9E79431}.Debug|x86.Build.0 = Debug|Win32
		{06C0401F-8140-48CD-BE03-C031C9E79431}.Release|x64.ActiveCfg = Release|x64
		{06C0401F-8140-48CD-BE03-C031C9E79431}.Release|x64.Build.0 = Release|x64
		{06C0401F-8140-48CD-BE03-C031C9E79431}.Release|x86.ActiveCfg = Release|Win32
		{06C0401F-8140-48CD-BE03-C031C9E79431}.Release|x86.Build.0 = Release|Win32
		{326CD1E1-9138-4814-B165-637F383C265B}.Debug|x64.ActiveCfg = Debug|x64
		{326CD1E1-9138-4814-B165-637F383C265B}.Debug|x64.Build.0 = Debug|x64
		{326CD1E1-9138-4814-B165-637F383C265B}.Debug|x86.ActiveCfg = Debug|Win32
		{326CD1E1-9138-4814-B165-637F383C265B}.Debug|x86.Build.0 = Debug|Win32
		{326CD1E1-9138-4814-B165-637F383C265B}.Release|x64.ActiveCfg = Release|x64
		{326CD1E1-9138-4814-B165-637F383C265B}.Release|x64.Build.0 = Release|x64
		{326CD1E1-9138-4814-B165-637F383C265B}.Release|x86.ActiveCfg = Release|Win32
		{326CD1E1-9138-4814-B165-637F383C265B}.Release|x86.Build.0 = Release|Win32
		{5988616C-1954-4B24-9515-EB091DFC7865}.Debug|x64.ActiveCfg = Debug|x64
		{5988616C-1954-4B24-9515-EB091DFC7865}.Debug|x64.Build.0 = Debug|x64
		{5988616C-1954-4B24-9515-EB091DFC7865}.Debug|x86.ActiveCfg = Debug|Win32
		{5988616C-1954-4B24-9515-EB091DFC7865}.Debug|x86.Build.0 = Debug|Win32
		{5988616C-1954-4B24-9515-EB091DFC7865}.Release|x64.ActiveCfg = Release|x64
		{5988616C-1954-4B24-9515-EB091DFC7865}.Release|x64.Build.0 = Release|x64
		{5988616C-1954-4B24-9515-EB091DFC7865}.Release|x86.ActiveCfg = Release|Win32
		{5988616C-1954-4B24-9515-EB091DFC7865}.Release|x86.Build.0 = Release|Win32
		{3515F13E-FA15-4996-BAE5-719F4D332D21}.Debug|x64.ActiveCfg = Debug|x64
		{3515F13E-FA15-4996-BAE5-719F4D332D21}.Debug|x64.Build.0 = Debug|x64
		{3515F13E-FA15-4996-BAE5-719F4D332D21}.Debug|x86.ActiveCfg = Debug|Win32
		{3515F13E-FA15-4996-BAE5-719F4D332D21}.Debug|x86.Build.0 = Debug|Win32
		{3515F13E-FA15-4996-BAE5-719F4D332D21}.Release|x64.ActiveCfg = Release|x64
		{3515F13E-FA15-4996-BAE5-719F4D332D21}.Release|x64.Build.0 = Release|x64
		{3515F13E-FA15-4996-BAE5-719F4D332D21}.Release|x86.ActiveCfg = Release|Win32
		{3515F13E-FA15-4996-BAE5-719F4D332D21}.Release|x86.Build.0 = Release|Win32
		{4111E785-2E51-4624-908B-488E56F0EA08}.Debug|x64.ActiveCfg = Debug|x64
		{4111E785-2E51-4624-908B-488E56F0EA08}.Debug|x64.Build.0 = Debug|x64
		{4111E785-2E51-4624-908B-488E56F0EA08}.Debug|x86.ActiveCfg = Debug|Win32
		{4111E785-2E51-4624-908B-488E56F0EA08}.Debug|x86.Build.0 = Debug|Win32
		{4111E785-2E51-4624-908B-488E56F0EA08}.Release|x64.ActiveCfg = Release|x64
		{4111E785-2E51-4624-908B-488E56F0EA08}.Release|x64.Build.0 = Release|x64
		{4111E785-2E51-4624-908B-488E56F0EA08}.Release|x86.ActiveCfg = Release|Win32
		{4111E785-2E51-4624-908B-488E56F0EA08}.Release|x86.Build.0 = Release|Win32
		{18258C70-B576-4B1C-AD23-561750208098}.Debug|x64.ActiveCfg = Debug|x64
		{18258C70-B576-4B1C-AD23-561750208098}.Debug|x64.Build.0 = Debug|x64
		{18258C70-B576-4B1C-AD23-561750208098}.Debug|x86.ActiveCfg = Debug|Win32
		{18258C70-B576-4B1C-AD23-561750208098}.Debug|x86.Build.0 = Debug|Win32
		{18258C70-B576-4B1C-AD23-561750208098}.Release|x64.ActiveCfg = Release|x64
		{18258C70-B576-4B1C-AD23-561750208098}.Release|x64.Build.0 = Release|x64
		{18258C70-B576-4B1C-AD23-561750208098}.Release|x86.ActiveCfg = Release|Win32
		{18258C70-B576-4B1C-AD23-561750208098}.Release|x86.Build.0 = Release|Win32
		{2E5B7F11-FE75-4FC0-9579-AB0AB2E8C9C0}.Debug|x64.ActiveCfg = Debug|x64
		{2E5B7F11-FE75-4FC0-9579-AB0AB2E8C9C0}.Debug|x64.Build.0 = Debug|x64
		{2E5B7F11-FE75-4FC0-9579-AB0AB2E8C9C0}.Debug|x86.ActiveCfg = Debug|Win32
		{2E5B7F11-FE75-4FC0-9579-AB0AB2E8C9C0}.Debug|x86.Build.0 = Debug|Win32
		{2E5B7F11-FE75-4FC0-9579-AB0AB2E8C9C0}.Release|x64.ActiveCfg = Release|x64
		{2E5B7F11-FE75-4FC0-9579-AB0AB2E8C9C0}.Release|x64.Build.0 = Release|x64
		{2E5B7F11-FE75-4FC0-9579-AB0AB2E8C9C0}.Release|x86.ActiveCfg = Release|Win32
		{2E5B7F11-FE75-4FC0-9579-AB0AB2E8C9C0}.Release|x86.Build.0 = Release|Win32
		{60F64701-1A2A-4059-BB1E-50E70507E614}.Debug|x64.ActiveCfg = Debug|x64
		{60F64701-1A2A-4059-BB1E-50E70507E614}.Debug|x64.Build.0 = Debug|x64
		{60F64701-1A2A-4059-BB1E-50E70507E614}.Debug|x86.ActiveCfg = Debug|Win32
		{60F64701-1A2A-4059-BB1E-50E70507E614}.Debug|x86.Build.0 = Debug|Win32
		{60F64701-1A2A-4059-BB1E-50E70507E614}.Release|x64.ActiveCfg = Release|x64
		{60F64701-1A2A-4059-BB1E-50E70507E614}.Release|x64.Build.0 = Release|x64
		{60F64701-1A2A-4059-BB1E-50E70507E614}.Release|x86.ActiveCfg = Release|Win32
		{60F64701-1A2A-4059-BB1E-50E70507E614}.Release|x86.Build.0 = Release|Win32
		{76726E10-0E0A-4C35-91B6-22CEA23CE7BB}.Debug|x64.ActiveCfg = Debug|x64
		{76726E10-0E0A-4C35-91B6-22CEA23CE7BB}.Debug|x64.Build.0 = Debug|x64
		{76726E10-0E0A-4C35-91B6-22CEA23CE7BB}.Debug|x86.ActiveCfg = Debug|Win32
		{76726E10-0E0A-4C35-91B6-22CEA23CE7BB}.Debug|x86.Build.0 = Debug|Win32
		{76726E10-0E0A-4C35-91B6-22CEA23CE7BB}.Release|x64.ActiveCfg = Release|x64
		{76726E10-0E0A-4C35-91B6-22CEA23CE7BB}.Release|x64.Build.0 = Release|x64
		{76726E10-0E0A-4C35-91B6-22CEA23CE7BB}.Release|x86.ActiveCfg = Release|Win32
		{76726E10-0E0A-4C35-91B6-22CEA23CE7BB}.Release|x86.Build.0 = Release|Win32
		{46F3C33F-C0A3-4EE7-A7CC-A56F4BDA54C4}.Debug|x64.ActiveCfg = Debug|x64
		{46F3C33F-C0A3-4EE7-A7CC-A56F4BDA54C4}.Debug|x64.Build.0 = Debug|x64
		{46F3C33F-C0A3-4EE7-A7CC-A56F4BDA54C4}.Debug|x86.ActiveCfg = Debug|Win32
		{46F3C33F-C0A3-4EE7-A7CC-A56F4BDA54C4}.Debug|x86.Build.0 = Debug|Win32
		{46F3C33F-C0A3-4EE7-A7CC-A56F4BDA54C4}.Release|x64.ActiveCfg = Release|x64
		{46F3C33F-C0A3-4EE7-A7CC-A56F4BDA54C4}.Release|x64.Build.0 = Release|x64
		{46F3C33F-C0A3-4EE7-A7CC-A56F4BDA54C4}.Release|x86.ActiveCfg = Release|Win32
		{46F3C33F-C0A3-4EE7-A7CC-A56F4BDA54C4}.Release|x86.Build.0 = Release|Win32
		{DB2FF350-156B-4F81-AB4F-2586EED92D54}.Debug|x64.ActiveCfg = Debug|x64
		{DB2FF350-156B-4F81-AB4F-2586EED92D54}.Debug|x64.Build.0 = Debug|x64
		{DB2FF350-156B-4F81-AB4F-2586EED92D54}.Debug|x86.ActiveCfg = Debug|Win32
		{DB2FF350-156B-4F81-AB4F-2586EED92D54}.Debug|x86.Build.0 = Debug|Win32
		{DB2FF350-156B-4F81-AB4F-2586EED92D54}.Release|x64.ActiveCfg = Release|x64
		{DB2FF350-156B-4F81-AB4F-2586EED92D54}.Release|x64.Build.0 = Release|x64
		{DB2FF350-156B-4F81-AB4F-2586EED92D54}.Release|x86.ActiveCfg = Release|Win32
		{DB2FF350-156B-4F81-AB4F-2586EED92D54}.Release|x86.Build.0 = Release|Win32
		{452DD0B2-B596-4226-95F6-953D6E4BDAFA}.Debug|x64.ActiveCfg = Debug|x64
		{452DD0B2-B596-4226-95F6-953D6E4BDAFA}.Debug|x64.Build.0 = Debug|x64
		{452DD0B2-B596-4226-95F6-953D6E4BDAFA}.Debug|x86.ActiveCfg = Debug|Win32
		{452DD0B2-B596-4226-95F6-953D6E4BDAFA}.Debug|x86.Build.0 = Debug|Win32
		{452DD0B2-B596-4226-95F6-953D6E4BDAFA}.Release|x64.ActiveCfg = Release|x64
		{452DD0B2-B596-4226-95F6-953D6E4BDAFA}.Release|x64.Build.0 = Release|x64
		{452DD0B2-B596-4226-95F6-953D6E4BDAFA}.Release|x86.ActiveCfg = Release|Win32
		{452DD0B2-B596-4226-95F6-953D6E4BDAFA}.Release|x86.Build.0 = Release|Win32
		{09C7AC97-22A2-492F-85F7-C0A717DFF5FE}.Debug|x64.ActiveCfg = Debug|x64
		{09C7AC97-22A2-492F-85F7-C0A717DFF5FE}.Debug|x64.Build.0 = Debug|x64
		{09C7AC97-22A2-492F-85F7-C0A717DFF5FE}.Debug|x86.ActiveCfg = Debug|Win32
		{09C7AC97-22A2-492F-85F7-C0A717DFF5FE}.Debug|x86.Build.0 = Debug|Win32
		{09C7AC97-22A2-492F-85F7-C0A717DFF5FE}.Release|x64.ActiveCfg = Release|x64
		{09C7AC97-22A2-492F-85F7-C0A717DFF5FE}.Release|x64.Build.0 = Release|x64
		{09C7AC97-22A2-492F-85F7-C0A717DFF5FE}.Release|x86.ActiveCfg = Release|Win32
		{09C7AC97-22A2-492F-85F7-C0A717DFF5FE}.Release|x86.Build.0 = Release|Win32
		{E1A17645-D4FB-491E-A9D3-091CA25C80A2}.Debug|x64.ActiveCfg = Debug|x64
		{E1A17645-D4FB-491E-A9D3-091CA25C80A2}.Debug|x64.Build.0 = Debug|x64
		{E1A17645-D4FB-491E-A9D3-091CA25C80A2}.Debug|x86.ActiveCfg = Debug|Win32
		{E1A17645-D4FB-491E-A9D3-091CA25C80A2}.Debug|x86.Build.0 = Debug|Win32
		{E1A17645-D4FB-491E-A9D3-091CA25C80A2}.Release|x64.ActiveCfg = Release|x64
		{E1A17645-D4FB-491E-A9D3-091CA25C80A2}.Release|x64.Build.0 = Release|x64
		{E1A17645-D4FB-491E-A9D3-091CA25C80A2}.Release|x86.ActiveCfg = Release|Win32
		{E1A17645-D4FB-491E-A9D3-091CA25C80A2}.Release|x86.Build.0 = Release|Win32
		{B4EE498E-5D48-43E1-8302-C242572C4236}.Debug|x64.ActiveCfg = Debug|x64
		{B4EE498E-5D48-43E1-8302-C242572C4236}.Debug|x64.Build.0 = Debug|x64
		{B4EE498E-5D48-43E1-8302-C242572C4236}.Debug|x86.ActiveCfg = Debug|Win32
		{B4EE498E-5D48-43E1-8302-C242572C4236}.Debug|x86.Build.0 = Debug|Win32
		{B4EE498E-5D48-43E1-8302-C242572C4236}.Release|x64.ActiveCfg = Release|x64
		{B4EE498E-5D48-43E1-8302-C242572C4236}.Release|x64.Build.0 = Release|x64
		{B4EE498E-5D48-43E1-8302-C242572C4236}.Release|x86.ActiveCfg = Release|Win32
		{B4EE498E-5D48-43E1-8302-C242572C4236}.Release|x86.Build.0 = Release|Win32
		{94FEE1D3-ABA7-4062-961B-3787E60D3FFC}.Debug|x64.ActiveCfg = Debug|x64
		{94FEE1D3-ABA7-4062-961B-3787E60D3FFC}.Debug|x64.Build.0 = Debug|x64
		{94FEE1D3-ABA7-4062-961B-3787E60D3FFC}.Debug|x86.ActiveCfg = Debug|Win32
		{94FEE1D3-ABA7-4062-961B-3787E60D3FFC}.Debug|x86.Build.0 = Debug|Win32
		{94FEE1D3-ABA7-4062-961B-3787E60D3FFC}.Release|x64.ActiveCfg = Release|x64
		{94FEE1D3-ABA7-4062-961B-3787E60D3FFC}.Release|x64.Build.0 = Release|x64
		{94FEE1D3-ABA7-4062-961B-3787E60D3FFC}.Release|x86.ActiveCfg = Release|Win32
		{94FEE1D3-ABA7-4062-961B-3787E60D3FFC}.Release|x86.Build.0 = Release|Win32
		{F3554589-6D92-4746-8077-9D06A592ED20}.Debug|x64.ActiveCfg = Debug|x64
		{F3554589-6D92-4746-8077-9D06A592ED20}.Debug|x64.Build.0 = Debug|x64
		{F3554589-6D92-4746-8077-9D06A592ED20}.Debug|x86.ActiveCfg = Debug|Win32
		{F3554589-6D92-4746-8077-9D06A592ED20}.Debug|x86.Build.0 = Debug|Win32
		{F3554589-6D92-4746-8077-9D06A592ED20}.Release|x64.ActiveCfg = Release|x64
		{F3554589-6D92-4746-8077-9D06A592ED20}.Release|x64.Build.0 = Release|x64
		{F3554589-6D92-4746-8077-9D06A592ED20}.Release|x86.ActiveCfg = Release|Win32
		{F3554589-6D92-4746-8077-9D06A592ED20}.Release|x86.Build.0 = Release|Win32
		{AB861419-3B71-4C5E-937B-B8EED19D1155}.Debug|x64.ActiveCfg = Debug|x64
		{AB861419-3B71-4C5E-937B-B8EED19D1155}.Debug|x64.Build.0 = Debug|x64
		{AB861419-3B71-4C5E-937B-B8EED19D1155}.Debug|x86.ActiveCfg = Debug|Win32
		{AB861419-3B71-4C5E-937B-B8EED19D1155}.Debug|x86.Build.0 = Debug|Win32
		{AB861419-3B71-4C5E-937B-B8EED19D1155}.Release|x64.ActiveCfg = Release|x64
		{AB861419-3B71-4C5E-937B-B8EED19D1155}.Release|x64.Build.0 = Release|x64
		{AB861419-3B71-4C5E-937B-B8EED19D1155}.Release|x86.ActiveCfg = Release|Win32
		{AB861419-3B71-4C5E-937B-B8EED19D1155}.Release|x86.Build.0 = Release|Win32
		{01019FD3-3C53-422D-9A7F-8B5AAC6BABE3}.Debug|x64.ActiveCfg = Debug|x64
		{01019FD3-3C53-422D-9A7F-8B5AAC6BABE3}.Debug|x64.Build.0 = Debug|x64
		{01019FD3-3C53-422D-9A7F-8B5AAC6BABE3}.Debug|x86.ActiveCfg = Debug|Win32
		{01019FD3-3C53-422D-9A7F-8B5AAC6BABE3}.Debug|x86.Build.0 = Debug|Win32
		{01019FD3-3C53-422D-9A7F-8B5AAC6BABE3}.Release|x64.ActiveCfg = Release|x64
		{01019FD3-3C53-422D-9A7F-8B5AAC6BABE3}.Release|x64.Build.0 = Release|x64
		{01019FD3-3C53-422D-9A7F-8B5AAC6BABE3}.Release|x86.ActiveCfg = Release|Win32
		{01019FD3-3C53-422D-9A7F-8B5AAC6BABE3}.Release|x86.Build.0 = Release|Win32
		{C29B9A49-8F5D-45DF-968A-81FF2309A155}.Debug|x64.ActiveCfg = Debug|x64
		{C29B9A49-8F5D-45DF-968A-81FF2309A155}.Debug|x64.Build.0 = Debug|x64
		{C29B9A49-8F5D-45DF-968A-81FF2309A155}.Debug|x86.ActiveCfg = Debug|Win32
		{C29B9A49-8F5D-45DF-968A-81FF2309A155}.Debug|x86.Build.0 = Debug|Win32
		{C29B9A49-8F5D-45DF-968A-81FF2309A155}.Release|x64.ActiveCfg = Release|x64
		{C29B9A49-8F5D-45DF-968A-81FF2309A155}.Release|x64.Build.0 = Release|x64
		{C29B9A49-8F5D-45DF-968A-81FF2309A155}.Release|x86.ActiveCfg = Release|Win32
		{C29B9A49-8F5D-45DF-968A-81FF2309A155}.Release|x86.Build.0 = Release|Win32
		{DAF5BA55-F523-4EAD-B07C-2387DB08F547}.Debug|x64.ActiveCfg = Debug|x64
		{DAF5BA55-F523-4EAD-B07C-2387DB08F547}.Debug|x64.Build.0 = Debug|x64
		{DAF5BA55-F523-4EAD-B07C-2387DB08F547}.Debug|x86.ActiveCfg = Debug|Win32
		{DAF5BA55-F523-4EAD-B07C-2387DB08F547}.Debug|x86.Build.0 = Debug|Win32
		{DAF5BA55-F523-4EAD-B07C-2387DB08F547}.Release|x64.ActiveCfg = Release|x64
		{DAF5BA55-F523-4EAD-B07C-2387DB08F547}.Release|x64.Build.0 = Release|x64
		{DAF5BA55-F523-4EAD-B07C-2387DB08F547}.Release|x86.ActiveCfg = Release|Win32
		{DAF5BA55-F523-4EAD-B07C-2387DB08F547}.Release|x86.Build.0 = Release|Win32
		{0A95FB32-BB70-483A-A2E8-BBE540453183}.Debug|x64.ActiveCfg = Debug|x64
		{0A95FB32-BB70-483A-A2E8-BBE540453183}.Debug|x64.Build.0 = Debug|x64
		{0A95FB32-BB70-483A-A2E8-BBE540453183}.Debug|x86.ActiveCfg = Debug|Win32
		{0A95FB32-BB70-483A-A2E8-BBE540453183}.Debug|x86.Build.0 = Debug|Win32
		{0A95FB32-BB70-483A-A2E8-BBE540453183}.Release|x64.ActiveCfg = Release|x64
		{0A95FB32-BB70-483A-A2E8-BBE540453183}.Release|x64.Build.0 = Release|x64
		{0A95FB32-BB70-483A-A2E8-BBE540453183}.Release|x86.ActiveCfg = Release|Win32
		{0A95FB32-BB70-483A-A2E8-BBE540453183}.Release|x86.Build.0 = Release|Win32
		{5F440BE6-1A84-4121-8E3A-53A8957A5146}.Debug|x64.ActiveCfg = Debug|x64
		{5F440BE6-1A84-4121-8E3A-53A8957A5146}.Debug|x64.Build.0 = Debug|x64
		{5F440BE6-1A84-4121-8E3A-53A8957A5146}.Debug|x86.ActiveCfg = Debug|Win32
		{5F440BE6-1A84-4121-8E3A-53A8957A5146}.Debug|x86.Build.0 = Debug|Win32
		{5F440BE6-1A84-4121-8E3A-53A8957A5146}.Release|x64.ActiveCfg = Release|x64
		{5F440BE6-1A84-4121-8E3A-53A8957A5146}.Release|x64.Build.0 = Release|x64
		{5F440BE6-1A84-4121-8E3A-53A8957A5146}.Release|x86.ActiveCfg = Release|Win32
		{5F440BE6-1A84-4121-8E3A-53A8957A5146}.Release|x86.Build.0 = Release|Win32
		{E9E979AE-9C36-4571-B268-53B59B7FE480}.Debug|x64.ActiveCfg = Debug|x64
		{E9E979AE-9C36-4571-B268-53B59B7FE480}.Debug|x64.Build.0 = Debug|x64
		{E9E979AE-9C36-4571-B268-53B59B7FE480}.Debug|x86.ActiveCfg = Debug|Win32
		{E9E979AE-9C36-4571-B268-53B59B7FE480}.Debug|x86.Build.0 = Debug|Win32
		{E9E979AE-9C36-4571-B268-53B59B7FE480}.Release|x64.ActiveCfg = Release|x64
		{E9E979AE-9C36-4571-B268-53B59B7FE480}.Release|x64.Build.0 = Release|x64
		{E9E979AE-9C36-4571-B268-53B59B7FE480}.Release|x86.ActiveCfg = Release|Win32
		{E9E979AE-9C36-4571-B268-53B59B7FE480}.Release|x86.Build.0 = Release|Win32
		{9C5FCBCD-A3E9-41A2-BB68-8645BCB0E388}.Debug|x64.ActiveCfg = Debug|x64
		{9C5FCBCD-A3E9-41A2-BB68-8645BCB0E388}.Debug|x64.Build.0 = Debug|x64
		{9C5FCBCD-A3E9-41A2-BB68-8645BCB0E388}.Debug|x86.ActiveCfg = Debug|Win32
		{9C5FCBCD-A3E9-41A2-BB68-8645BCB0E388}.Debug|x86.Build.0 = Debug|Win32
		{9C5FCBCD-A3E9-41A2-BB68-8645BCB0E388}.Release|x64.ActiveCfg = Release|x64
		{9C5FCBCD-A3E9-41A2-BB68-8645BCB0E388}.Release|x64.Build.0 = Release|x64
		{9C5FCBCD-A3E9-41A2-BB68-8645BCB0E388}.Release|x86.ActiveCfg = Release|Win32
		{9C5FCBCD-A3E9-41A2-BB68-8645BCB0E388}.Release|x86.Build.0 = Release|Win32
		{1021D8F3-8F88-4326-A278-797188ED5194}.Debug|x64.ActiveCfg = Debug|x64
		{1021D8F3-8F88-4326-A278-797188ED5194}.Debug|x64.Build.0 = Debug|x64
		{1021D8F3-8F88-4326-A278-797188ED5194}.Debug|x86.ActiveCfg = Debug|Win32
		{1021D8F3-8F88-4326-A278-797188ED5194}.Debug|x86.Build.0 = Debug|Win32
		{1021D8F3-8F88-4326-A278-797188ED5194}.Release|x64.ActiveCfg = Release|x64
		{1021D8F3-8F88-4326-A278-797188ED5194}.Release|x64.Build.0 = Release|x64
		{1021D8F3-8F88-4326-A278-797188ED5194}.Release|x86.ActiveCfg = Release|Win32
		{1021D8F3-8F88-4326-A278-797188ED5194}.Release|x86.Build.0 = Release|Win32
		{2CA0A233-0484-438F-B1E9-B6B7AF0F9D2F}.Debug|x64.ActiveCfg = Debug|x64
		{2CA0A233-0484-438F-B1E9-B6B7AF0F9D2F}.Debug|x64.Build.0 = Debug|x64
		{2CA0A233-0484-438F-B1E9-B6B7AF0F9D2F}.Debug|x86.ActiveCfg = Debug|Win32
		{2CA0A233-0484-438F-B1E9-B6B7AF0F9D2F}.Debug|x86.Build.0 = Debug|Win32
		{2CA0A233-0484-438F-B1E9-B6B7AF0F9D2F}.Release|x64.ActiveCfg = Release|x64
		{2CA0A233-0484-438F-B1E9-B6B7AF0F9D2F}.Release|x64.Build.0 = Release|x64
		{2CA0A233-0484-438F-B1E9-B6B7AF0F9D2F}.Release|x86.ActiveCfg = Release|Win32
		{2CA0A233-0484-438F-B1E9-B6B7AF0F9D2F}.Release|x86.Build.0 = Release|Win32
		{30E34363-86AC-4567-9029-163DC771946B}.Debug|x64.ActiveCfg = Debug|x64
		{30E34363-86AC-4567-9029-163DC771946B}.Debug|x64.Build.0 = Debug|x64
		{30E34363-86AC-4567-9029-163DC771946B}.Debug|x86.ActiveCfg = Debug|Win32
		{30E34363-86AC-4567-9029-163DC771946B}.Debug|x86.Build.0 = Debug|Win32
		{30E34363-86AC-4567-9029-163DC771946B}.Release|x64.ActiveCfg = Release|x64
		{30E34363-86AC-4567-9029-163DC771946B}.Release|x64.Build.0 = Release|x64
		{30E34363-86AC-4567-9029-163DC771946B}.Release|x86.ActiveCfg = Release|Win32
		{30E34363-86AC-4567-9029-163DC771946B}.Release|x86.Build.0 = Release|Win32
		{8EAFA1C2-DF69-45C6-B080-1C62AECAB8E7}.Debug|x64.ActiveCfg = Debug|x64
		{8EAFA1C2-DF69-45C6-B080-1C62AECAB8E7}.Debug|x64.Build.0 = Debug|x64
		{8EAFA1C2-DF69-45C6-B080-1C62AECAB8E7}.Debug|x86.ActiveCfg = Debug|Win32
		{8EAFA1C2-DF69-45C6-B080-1C62AECAB8E7}.Debug|x86.Build.0 = Debug|Win32
		{8EAFA1C2-DF69-45C6-B080-1C62AECAB8E7}.Release|x64.ActiveCfg = Release|x64
		{8EAFA1C2-DF69-45C6-B080-1C62AECAB8E7}.Release|x64.Build.0 = Release|x64
		{8EAFA1C2-DF69-45C6-B080-1C62AECAB8E7}.Release|x86.ActiveCfg = Release|Win32
		{8EAFA1C2-DF69-45C6-B080-1C62AECAB8E7}.Release|x86.Build.0 = Release|Win32
		{6F7655C0-0932-4878-BA05-C8075413BD7F}.Debug|x64.ActiveCfg = Debug|x64
		{6F7655C0-0932-4878-BA05-C8075413BD7F}.Debug|x64.Build.0 = Debug|x64
		{6F7655C0-0932-4878-BA05-C8075413BD7F}.Debug|x86.ActiveCfg = Debug|Win32
		{6F7655C0-0932-4878-BA05-C8075413BD7F}.Debug|x86.Build.0 = Debug|Win32
		{6F7655C0-0932-4878-BA05-C8075413BD7F}.Release|x64.ActiveCfg = Release|x64
		{6F7655C0-0932-4878-BA05-C8075413BD7F}.Release|x64.Build.0 = Release|x64
		{6F7655C0-0932-4878-BA05-C8075413BD7F}.Release|x86.ActiveCfg = Release|Win32
		{6F7655C0-0932-4878-BA05-C8075413BD7F}.Release|x86.Build.0 = Release|Win32
		{01C60E1D-F299-42D9-8F16-96EC63C383F9}.Debug|x64.ActiveCfg = Debug|x64
		{01C60E1D-F299-42D9-8F16-96EC63C383F9}.Debug|x64.Build.0 = Debug|x64
		{01C60E1D-F299-42D9-8F16-96EC63C383F9}.Debug|x86.ActiveCfg = Debug|Win32
		{01C60E1D-F299-42D9-8F16-96EC63C383F9}.Debug|x86.Build.0 = Debug|Win32
		{01C60E1D-F299-42D9-8F16-96EC63C383F9}.Release|x64.ActiveCfg = Release|x64
		{01C60E1D-F299-42D9-8F16-96EC63C383F9}.Release|x64.Build.0 = Release|x64
		{01C60E1D-F299-42D9-8F16-96EC63C383F9}.Release|x86.ActiveCfg = Release|Win32
		{01C60E1D-F299-42D9-8F16-96EC63C383F9}.Release|x86.Build.0 = Release|Win32
		{AC639C11-511E-4453-9E2E-600A43E7F09B}.Debug|x64.ActiveCfg = Debug|x64
		{AC639C11-511E-4453-9E2E-600A43E7F09B}.Debug|x64.Build.0 = Debug|x64
		{AC639C11-511E-4453-9E2E-600A43E7F09B}.Debug|x86.ActiveCfg = Debug|Win32
		{AC639C11-511E-4453-9E2E-600A43E7F09B}.Debug|x86.Build.0 = Debug|Win32
		{AC639C11-511E-4453-9E2E-600A43E7F09B}.Release|x64.ActiveCfg = Release|x64
		{AC639C11-511E-4453-9E2E-600A43E7F09B}.Release|x64.Build.0 = Release|x64
		{AC639C11-511E-4453-9E2E-600A43E7F09B}.Release|x86.ActiveCfg = Release|Win32
		{AC639C11-511E-4453-9E2E-600A43E7F09B}.Release|x86.Build.0 = Release|Win32
		{6DF89E7F-B1A1-4EE5-AF09-049F029B7729}.Debug|x64.ActiveCfg = Debug|x64
		{6DF89E7F-B1A1-4EE5-AF09-049F029B7729}.Debug|x64.Build.0 = Debug|x64
		{6DF89E7F-B1A1-4EE5-AF09-049F029B7729}.Debug|x86.ActiveCfg = Debug|Win32
		{6DF89E7F-B1A1-4EE5-AF09-049F029B7729}.Debug|x86.Build.0 = Debug|Win32
		{6DF89E7F-B1A1-4EE5-AF09-049F029B7729}.Release|x64.ActiveCfg = Release|x64
		{6DF89E7F-B1A1-4EE5-AF09-049F029B7729}.Release|x64.Build.0 = Release|x64
		{6DF89E7F-B1A1-4EE5-AF09-049F029B7729}.Release|x86.ActiveCfg = Release|Win32
		{6DF89E7F-B1A1-4EE5-AF09-049F029B7729}.Release|x86.Build.0 = Release|Win32
		{0DF94FFD-E7C8-40F9-B582-4AA02A2EA121}.Debug|x64.ActiveCfg = Debug|x64
		{0DF94FFD-E7C8-40F9-B582-4AA02A2EA121}.Debug|x64.Build.0 = Debug|x64
		{0DF94FFD-E7C8-40F9-B582-4AA02A2EA121}.Debug|x86.ActiveCfg = Debug|Win32
		{0DF94FFD-E7C8-40F9-B582-4AA02A2EA121}.Debug|x86.Build.0 = Debug|Win32
		{0DF94FFD-E7C8-40F9-B582-4AA02A2EA121}.Release|x64.ActiveCfg = Release|x64
		{0DF94FFD-E7C8-40F9-B582-4AA02A2EA121}.Release|x64.Build.0 = Release|x64
		{0DF94FFD-E7C8-40F9-B582-4AA02A2EA121}.Release|x86.ActiveCfg = Release|Win32
		{0DF94FFD-E7C8-40F9-B582-4AA02A2EA121}.Release|x86.Build.0 = Release|Win32
		{C5E8DB34-9C18-4DCB-A54B-E8CC6E790175}.Debug|x64.ActiveCfg = Debug|x64
		{C5E8DB34-9C18-4DCB-A54B-E8CC6E790175}.Debug|x64.Build.0 = Debug|x64
		{C5E8DB34-9C18-4DCB-A54B-E8CC6E790175}.Debug|x86.ActiveCfg = Debug|Win32
		{C5E8DB34-9C18-4DCB-A54B-E8CC6E790175}.Debug|x86.Build.0 = Debug|Win32
		{C5E8DB34-9C18-4DCB-A54B-E8CC6E790175}.Release|x64.ActiveCfg = Release|x64
		{C5E8DB34-9C18-4DCB-A54B-E8CC6E790175}.Release|x64.Build.0 = Release|x64
		{C5E8DB34-9C18-4DCB-A54B-E8CC6E790175}.Release|x86.ActiveCfg = Release|Win32
		{C5E8DB34-9C18-4DCB-A54B-E8CC6E790175}.Release|x86.Build.0 = Release|Win32
	EndGlobalSection
	GlobalSection(SolutionProperties) = preSolution
		HideSolutionNode = FALSE
	EndGlobalSection
EndGlobal
